
Microsoft Visual Studio Solution File, Format Version 12.00
# Visual Studio 2013
VisualStudioVersion = 12.0.30110.0
MinimumVisualStudioVersion = 10.0.40219.1
Project("{FAE04EC0-301F-11D3-BF4B-00C04F79EFBC}") = "GetItForFree.Web", "Site\GetItForFree.Web.csproj", "{29924385-4A3F-472D-860F-F490E3260E08}"
EndProject
Project("{FAE04EC0-301F-11D3-BF4B-00C04F79EFBC}") = "Site.Tests", "Site.Tests\Site.Tests.csproj", "{BC254DBA-F9AF-4D69-A364-B483BDE77AC5}"
EndProject
Project("{2150E333-8FDC-42A3-9474-1A3956D46DE8}") = "Codebase", "Codebase", "{42FC4DE7-BB6B-4613-9D49-33EDCB6B188A}"
EndProject
Project("{2150E333-8FDC-42A3-9474-1A3956D46DE8}") = "Web", "Web", "{0B21A248-8287-43CC-A1C3-88D6F9815B91}"
EndProject
Project("{FAE04EC0-301F-11D3-BF4B-00C04F79EFBC}") = "GetItForFree.CommonLibrary", "GetItForFree.CommonLibrary\GetItForFree.CommonLibrary.csproj", "{DE3ACA68-5A54-4E58-8867-3F099B77B8C6}"
EndProject
Project("{FAE04EC0-301F-11D3-BF4B-00C04F79EFBC}") = "GetItForFree.Domain", "GetItForFree.Domain\GetItForFree.Domain.csproj", "{AC2B23D7-A74C-4CFE-A05A-9EB1FB701476}"
EndProject
Project("{FAE04EC0-301F-11D3-BF4B-00C04F79EFBC}") = "GetItForFree.Domain.Workers", "GetItForFree.Domain.Workers\GetItForFree.Domain.Workers.csproj", "{3086A65C-B401-4787-98A5-F62AA48871A6}"
EndProject
Global
	GlobalSection(SolutionConfigurationPlatforms) = preSolution
		Debug|Any CPU = Debug|Any CPU
		Release|Any CPU = Release|Any CPU
	EndGlobalSection
	GlobalSection(ProjectConfigurationPlatforms) = postSolution
		{29924385-4A3F-472D-860F-F490E3260E08}.Debug|Any CPU.ActiveCfg = Debug|Any CPU
		{29924385-4A3F-472D-860F-F490E3260E08}.Debug|Any CPU.Build.0 = Debug|Any CPU
		{29924385-4A3F-472D-860F-F490E3260E08}.Release|Any CPU.ActiveCfg = Release|Any CPU
		{29924385-4A3F-472D-860F-F490E3260E08}.Release|Any CPU.Build.0 = Release|Any CPU
		{BC254DBA-F9AF-4D69-A364-B483BDE77AC5}.Debug|Any CPU.ActiveCfg = Debug|Any CPU
		{BC254DBA-F9AF-4D69-A364-B483BDE77AC5}.Debug|Any CPU.Build.0 = Debug|Any CPU
		{BC254DBA-F9AF-4D69-A364-B483BDE77AC5}.Release|Any CPU.ActiveCfg = Release|Any CPU
		{BC254DBA-F9AF-4D69-A364-B483BDE77AC5}.Release|Any CPU.Build.0 = Release|Any CPU
		{DE3ACA68-5A54-4E58-8867-3F099B77B8C6}.Debug|Any CPU.ActiveCfg = Debug|Any CPU
		{DE3ACA68-5A54-4E58-8867-3F099B77B8C6}.Debug|Any CPU.Build.0 = Debug|Any CPU
		{DE3ACA68-5A54-4E58-8867-3F099B77B8C6}.Release|Any CPU.ActiveCfg = Release|Any CPU
		{DE3ACA68-5A54-4E58-8867-3F099B77B8C6}.Release|Any CPU.Build.0 = Release|Any CPU
		{AC2B23D7-A74C-4CFE-A05A-9EB1FB701476}.Debug|Any CPU.ActiveCfg = Debug|Any CPU
		{AC2B23D7-A74C-4CFE-A05A-9EB1FB701476}.Debug|Any CPU.Build.0 = Debug|Any CPU
		{AC2B23D7-A74C-4CFE-A05A-9EB1FB701476}.Release|Any CPU.ActiveCfg = Release|Any CPU
		{AC2B23D7-A74C-4CFE-A05A-9EB1FB701476}.Release|Any CPU.Build.0 = Release|Any CPU
		{3086A65C-B401-4787-98A5-F62AA48871A6}.Debug|Any CPU.ActiveCfg = Debug|Any CPU
		{3086A65C-B401-4787-98A5-F62AA48871A6}.Debug|Any CPU.Build.0 = Debug|Any CPU
		{3086A65C-B401-4787-98A5-F62AA48871A6}.Release|Any CPU.ActiveCfg = Release|Any CPU
		{3086A65C-B401-4787-98A5-F62AA48871A6}.Release|Any CPU.Build.0 = Release|Any CPU
	EndGlobalSection
	GlobalSection(SolutionProperties) = preSolution
		HideSolutionNode = FALSE
	EndGlobalSection
	GlobalSection(NestedProjects) = preSolution
		{DE3ACA68-5A54-4E58-8867-3F099B77B8C6} = {42FC4DE7-BB6B-4613-9D49-33EDCB6B188A}
		{AC2B23D7-A74C-4CFE-A05A-9EB1FB701476} = {42FC4DE7-BB6B-4613-9D49-33EDCB6B188A}
		{3086A65C-B401-4787-98A5-F62AA48871A6} = {42FC4DE7-BB6B-4613-9D49-33EDCB6B188A}
		{29924385-4A3F-472D-860F-F490E3260E08} = {0B21A248-8287-43CC-A1C3-88D6F9815B91}
		{BC254DBA-F9AF-4D69-A364-B483BDE77AC5} = {0B21A248-8287-43CC-A1C3-88D6F9815B91}
	EndGlobalSection
EndGlobal
